// !$*UTF8*$!
{
	archiveVersion = 1;
	classes = {
	};
	objectVersion = 56;
	objects = {

/* Begin PBXBuildFile section */
		B50550A92B5E41290040CA56 /* AppDelegate.swift in Sources */ = {isa = PBXBuildFile; fileRef = B50550A82B5E41290040CA56 /* AppDelegate.swift */; };
		B50550AB2B5E41290040CA56 /* SceneDelegate.swift in Sources */ = {isa = PBXBuildFile; fileRef = B50550AA2B5E41290040CA56 /* SceneDelegate.swift */; };
		B50550AD2B5E41290040CA56 /* WineListViewController.swift in Sources */ = {isa = PBXBuildFile; fileRef = B50550AC2B5E41290040CA56 /* WineListViewController.swift */; };
		B50550B22B5E412B0040CA56 /* Assets.xcassets in Resources */ = {isa = PBXBuildFile; fileRef = B50550B12B5E412B0040CA56 /* Assets.xcassets */; };
		B50550B52B5E412B0040CA56 /* LaunchScreen.storyboard in Resources */ = {isa = PBXBuildFile; fileRef = B50550B32B5E412B0040CA56 /* LaunchScreen.storyboard */; };
		B50550C82B5FC9910040CA56 /* WineItemCollectionViewCell.swift in Sources */ = {isa = PBXBuildFile; fileRef = B50550C72B5FC9910040CA56 /* WineItemCollectionViewCell.swift */; };
		B50550CB2B5FCA160040CA56 /* GenericNetworkManager in Frameworks */ = {isa = PBXBuildFile; productRef = B50550CA2B5FCA160040CA56 /* GenericNetworkManager */; };
		B50550CD2B5FCC150040CA56 /* Wine.swift in Sources */ = {isa = PBXBuildFile; fileRef = B50550CC2B5FCC150040CA56 /* Wine.swift */; };
		B50550CF2B5FDABC0040CA56 /* WineListViewModel.swift in Sources */ = {isa = PBXBuildFile; fileRef = B50550CE2B5FDABC0040CA56 /* WineListViewModel.swift */; };
		B50550D22B5FE0840040CA56 /* CustomSearchBar.swift in Sources */ = {isa = PBXBuildFile; fileRef = B50550D12B5FE0840040CA56 /* CustomSearchBar.swift */; };
		B50550D82B6013810040CA56 /* AppConstants.swift in Sources */ = {isa = PBXBuildFile; fileRef = B50550D72B6013810040CA56 /* AppConstants.swift */; };
		B50550DE2B6039FC0040CA56 /* ImageLoader.swift in Sources */ = {isa = PBXBuildFile; fileRef = B50550DD2B6039FC0040CA56 /* ImageLoader.swift */; };
/* End PBXBuildFile section */

/* Begin PBXFileReference section */
		B50550A52B5E41290040CA56 /* FinalProject_WineAppetit.app */ = {isa = PBXFileReference; explicitFileType = wrapper.application; includeInIndex = 0; path = FinalProject_WineAppetit.app; sourceTree = BUILT_PRODUCTS_DIR; };
		B50550A82B5E41290040CA56 /* AppDelegate.swift */ = {isa = PBXFileReference; lastKnownFileType = sourcecode.swift; path = AppDelegate.swift; sourceTree = "<group>"; };
		B50550AA2B5E41290040CA56 /* SceneDelegate.swift */ = {isa = PBXFileReference; lastKnownFileType = sourcecode.swift; path = SceneDelegate.swift; sourceTree = "<group>"; };
		B50550AC2B5E41290040CA56 /* WineListViewController.swift */ = {isa = PBXFileReference; lastKnownFileType = sourcecode.swift; path = WineListViewController.swift; sourceTree = "<group>"; };
		B50550B12B5E412B0040CA56 /* Assets.xcassets */ = {isa = PBXFileReference; lastKnownFileType = folder.assetcatalog; path = Assets.xcassets; sourceTree = "<group>"; };
		B50550B42B5E412B0040CA56 /* Base */ = {isa = PBXFileReference; lastKnownFileType = file.storyboard; name = Base; path = Base.lproj/LaunchScreen.storyboard; sourceTree = "<group>"; };
		B50550B62B5E412B0040CA56 /* Info.plist */ = {isa = PBXFileReference; lastKnownFileType = text.plist.xml; path = Info.plist; sourceTree = "<group>"; };
		B50550C72B5FC9910040CA56 /* WineItemCollectionViewCell.swift */ = {isa = PBXFileReference; lastKnownFileType = sourcecode.swift; path = WineItemCollectionViewCell.swift; sourceTree = "<group>"; };
		B50550CC2B5FCC150040CA56 /* Wine.swift */ = {isa = PBXFileReference; lastKnownFileType = sourcecode.swift; path = Wine.swift; sourceTree = "<group>"; };
		B50550CE2B5FDABC0040CA56 /* WineListViewModel.swift */ = {isa = PBXFileReference; lastKnownFileType = sourcecode.swift; path = WineListViewModel.swift; sourceTree = "<group>"; };
		B50550D12B5FE0840040CA56 /* CustomSearchBar.swift */ = {isa = PBXFileReference; lastKnownFileType = sourcecode.swift; path = CustomSearchBar.swift; sourceTree = "<group>"; };
		B50550D72B6013810040CA56 /* AppConstants.swift */ = {isa = PBXFileReference; lastKnownFileType = sourcecode.swift; path = AppConstants.swift; sourceTree = "<group>"; };
		B50550DD2B6039FC0040CA56 /* ImageLoader.swift */ = {isa = PBXFileReference; lastKnownFileType = sourcecode.swift; path = ImageLoader.swift; sourceTree = "<group>"; };
/* End PBXFileReference section */

/* Begin PBXFrameworksBuildPhase section */
		B50550A22B5E41290040CA56 /* Frameworks */ = {
			isa = PBXFrameworksBuildPhase;
			buildActionMask = 2147483647;
			files = (
				B50550CB2B5FCA160040CA56 /* GenericNetworkManager in Frameworks */,
			);
			runOnlyForDeploymentPostprocessing = 0;
		};
/* End PBXFrameworksBuildPhase section */

/* Begin PBXGroup section */
		B505509C2B5E41290040CA56 = {
			isa = PBXGroup;
			children = (
				B50550A72B5E41290040CA56 /* FinalProject_WineAppetit */,
				B50550A62B5E41290040CA56 /* Products */,
			);
			sourceTree = "<group>";
		};
		B50550A62B5E41290040CA56 /* Products */ = {
			isa = PBXGroup;
			children = (
				B50550A52B5E41290040CA56 /* FinalProject_WineAppetit.app */,
			);
			name = Products;
			sourceTree = "<group>";
		};
		B50550A72B5E41290040CA56 /* FinalProject_WineAppetit */ = {
			isa = PBXGroup;
			children = (
				B50550BC2B5E41770040CA56 /* App */,
				B50550BE2B5E41930040CA56 /* NetworkManager */,
				B50550BF2B5E419A0040CA56 /* Models */,
				B50550C02B5E41BD0040CA56 /* Scenes */,
				B50550D02B5FE04E0040CA56 /* Components */,
				B50550DC2B60397D0040CA56 /* Utils */,
				B50550D62B6013730040CA56 /* Constants */,
				B50550BD2B5E417F0040CA56 /* Resources */,
				B50550B62B5E412B0040CA56 /* Info.plist */,
			);
			path = FinalProject_WineAppetit;
			sourceTree = "<group>";
		};
		B50550BC2B5E41770040CA56 /* App */ = {
			isa = PBXGroup;
			children = (
				B50550A82B5E41290040CA56 /* AppDelegate.swift */,
				B50550AA2B5E41290040CA56 /* SceneDelegate.swift */,
			);
			path = App;
			sourceTree = "<group>";
		};
		B50550BD2B5E417F0040CA56 /* Resources */ = {
			isa = PBXGroup;
			children = (
				B50550B12B5E412B0040CA56 /* Assets.xcassets */,
				B50550B32B5E412B0040CA56 /* LaunchScreen.storyboard */,
			);
			path = Resources;
			sourceTree = "<group>";
		};
		B50550BE2B5E41930040CA56 /* NetworkManager */ = {
			isa = PBXGroup;
			children = (
			);
			path = NetworkManager;
			sourceTree = "<group>";
		};
		B50550BF2B5E419A0040CA56 /* Models */ = {
			isa = PBXGroup;
			children = (
				B50550CC2B5FCC150040CA56 /* Wine.swift */,
			);
			path = Models;
			sourceTree = "<group>";
		};
		B50550C02B5E41BD0040CA56 /* Scenes */ = {
			isa = PBXGroup;
			children = (
				B50550C52B5FC90E0040CA56 /* List */,
				B50550AC2B5E41290040CA56 /* WineListViewController.swift */,
				B50550CE2B5FDABC0040CA56 /* WineListViewModel.swift */,
			);
			path = Scenes;
			sourceTree = "<group>";
		};
		B50550C52B5FC90E0040CA56 /* List */ = {
			isa = PBXGroup;
			children = (
				B50550C62B5FC92B0040CA56 /* CollectionViewCell */,
			);
			path = List;
			sourceTree = "<group>";
		};
		B50550C62B5FC92B0040CA56 /* CollectionViewCell */ = {
			isa = PBXGroup;
			children = (
				B50550C72B5FC9910040CA56 /* WineItemCollectionViewCell.swift */,
			);
			path = CollectionViewCell;
			sourceTree = "<group>";
		};
		B50550D02B5FE04E0040CA56 /* Components */ = {
			isa = PBXGroup;
			children = (
				B50550D12B5FE0840040CA56 /* CustomSearchBar.swift */,
			);
			path = Components;
			sourceTree = "<group>";
		};
		B50550D62B6013730040CA56 /* Constants */ = {
			isa = PBXGroup;
			children = (
				B50550D72B6013810040CA56 /* AppConstants.swift */,
			);
			path = Constants;
			sourceTree = "<group>";
		};
		B50550DC2B60397D0040CA56 /* Utils */ = {
			isa = PBXGroup;
			children = (
				B50550DD2B6039FC0040CA56 /* ImageLoader.swift */,
			);
			path = Utils;
			sourceTree = "<group>";
		};
/* End PBXGroup section */

/* Begin PBXNativeTarget section */
		B50550A42B5E41290040CA56 /* FinalProject_WineAppetit */ = {
			isa = PBXNativeTarget;
			buildConfigurationList = B50550B92B5E412B0040CA56 /* Build configuration list for PBXNativeTarget "FinalProject_WineAppetit" */;
			buildPhases = (
				B50550A12B5E41290040CA56 /* Sources */,
				B50550A22B5E41290040CA56 /* Frameworks */,
				B50550A32B5E41290040CA56 /* Resources */,
			);
			buildRules = (
			);
			dependencies = (
			);
			name = FinalProject_WineAppetit;
			packageProductDependencies = (
				B50550CA2B5FCA160040CA56 /* GenericNetworkManager */,
			);
			productName = FinalProject_WineAppetit;
			productReference = B50550A52B5E41290040CA56 /* FinalProject_WineAppetit.app */;
			productType = "com.apple.product-type.application";
		};
/* End PBXNativeTarget section */

/* Begin PBXProject section */
		B505509D2B5E41290040CA56 /* Project object */ = {
			isa = PBXProject;
			attributes = {
				BuildIndependentTargetsInParallel = 1;
				LastSwiftUpdateCheck = 1500;
				LastUpgradeCheck = 1500;
				TargetAttributes = {
					B50550A42B5E41290040CA56 = {
						CreatedOnToolsVersion = 15.0.1;
					};
				};
			};
			buildConfigurationList = B50550A02B5E41290040CA56 /* Build configuration list for PBXProject "FinalProject_WineAppetit" */;
			compatibilityVersion = "Xcode 14.0";
			developmentRegion = en;
			hasScannedForEncodings = 0;
			knownRegions = (
				en,
				Base,
			);
			mainGroup = B505509C2B5E41290040CA56;
			packageReferences = (
				B50550C92B5FCA160040CA56 /* XCRemoteSwiftPackageReference "GenericNetworkManager" */,
			);
			productRefGroup = B50550A62B5E41290040CA56 /* Products */;
			projectDirPath = "";
			projectRoot = "";
			targets = (
				B50550A42B5E41290040CA56 /* FinalProject_WineAppetit */,
			);
		};
/* End PBXProject section */

/* Begin PBXResourcesBuildPhase section */
		B50550A32B5E41290040CA56 /* Resources */ = {
			isa = PBXResourcesBuildPhase;
			buildActionMask = 2147483647;
			files = (
				B50550B52B5E412B0040CA56 /* LaunchScreen.storyboard in Resources */,
				B50550B22B5E412B0040CA56 /* Assets.xcassets in Resources */,
			);
			runOnlyForDeploymentPostprocessing = 0;
		};
/* End PBXResourcesBuildPhase section */

/* Begin PBXSourcesBuildPhase section */
		B50550A12B5E41290040CA56 /* Sources */ = {
			isa = PBXSourcesBuildPhase;
			buildActionMask = 2147483647;
			files = (
				B50550C82B5FC9910040CA56 /* WineItemCollectionViewCell.swift in Sources */,
				B50550CD2B5FCC150040CA56 /* Wine.swift in Sources */,
				B50550AD2B5E41290040CA56 /* WineListViewController.swift in Sources */,
				B50550D82B6013810040CA56 /* AppConstants.swift in Sources */,
				B50550D22B5FE0840040CA56 /* CustomSearchBar.swift in Sources */,
				B50550DE2B6039FC0040CA56 /* ImageLoader.swift in Sources */,
				B50550A92B5E41290040CA56 /* AppDelegate.swift in Sources */,
				B50550AB2B5E41290040CA56 /* SceneDelegate.swift in Sources */,
				B50550CF2B5FDABC0040CA56 /* WineListViewModel.swift in Sources */,
			);
			runOnlyForDeploymentPostprocessing = 0;
		};
/* End PBXSourcesBuildPhase section */

/* Begin PBXVariantGroup section */
		B50550B32B5E412B0040CA56 /* LaunchScreen.storyboard */ = {
			isa = PBXVariantGroup;
			children = (
				B50550B42B5E412B0040CA56 /* Base */,
			);
			name = LaunchScreen.storyboard;
			sourceTree = "<group>";
		};
/* End PBXVariantGroup section */

/* Begin XCBuildConfiguration section */
		B50550B72B5E412B0040CA56 /* Debug */ = {
			isa = XCBuildConfiguration;
			buildSettings = {
				ALWAYS_SEARCH_USER_PATHS = NO;
				ASSETCATALOG_COMPILER_GENERATE_SWIFT_ASSET_SYMBOL_EXTENSIONS = YES;
				CLANG_ANALYZER_NONNULL = YES;
				CLANG_ANALYZER_NUMBER_OBJECT_CONVERSION = YES_AGGRESSIVE;
				CLANG_CXX_LANGUAGE_STANDARD = "gnu++20";
				CLANG_ENABLE_MODULES = YES;
				CLANG_ENABLE_OBJC_ARC = YES;
				CLANG_ENABLE_OBJC_WEAK = YES;
				CLANG_WARN_BLOCK_CAPTURE_AUTORELEASING = YES;
				CLANG_WARN_BOOL_CONVERSION = YES;
				CLANG_WARN_COMMA = YES;
				CLANG_WARN_CONSTANT_CONVERSION = YES;
				CLANG_WARN_DEPRECATED_OBJC_IMPLEMENTATIONS = YES;
				CLANG_WARN_DIRECT_OBJC_ISA_USAGE = YES_ERROR;
				CLANG_WARN_DOCUMENTATION_COMMENTS = YES;
				CLANG_WARN_EMPTY_BODY = YES;
				CLANG_WARN_ENUM_CONVERSION = YES;
				CLANG_WARN_INFINITE_RECURSION = YES;
				CLANG_WARN_INT_CONVERSION = YES;
				CLANG_WARN_NON_LITERAL_NULL_CONVERSION = YES;
				CLANG_WARN_OBJC_IMPLICIT_RETAIN_SELF = YES;
				CLANG_WARN_OBJC_LITERAL_CONVERSION = YES;
				CLANG_WARN_OBJC_ROOT_CLASS = YES_ERROR;
				CLANG_WARN_QUOTED_INCLUDE_IN_FRAMEWORK_HEADER = YES;
				CLANG_WARN_RANGE_LOOP_ANALYSIS = YES;
				CLANG_WARN_STRICT_PROTOTYPES = YES;
				CLANG_WARN_SUSPICIOUS_MOVE = YES;
				CLANG_WARN_UNGUARDED_AVAILABILITY = YES_AGGRESSIVE;
				CLANG_WARN_UNREACHABLE_CODE = YES;
				CLANG_WARN__DUPLICATE_METHOD_MATCH = YES;
				COPY_PHASE_STRIP = NO;
				DEBUG_INFORMATION_FORMAT = dwarf;
				ENABLE_STRICT_OBJC_MSGSEND = YES;
				ENABLE_TESTABILITY = YES;
				ENABLE_USER_SCRIPT_SANDBOXING = YES;
				GCC_C_LANGUAGE_STANDARD = gnu17;
				GCC_DYNAMIC_NO_PIC = NO;
				GCC_NO_COMMON_BLOCKS = YES;
				GCC_OPTIMIZATION_LEVEL = 0;
				GCC_PREPROCESSOR_DEFINITIONS = (
					"DEBUG=1",
					"$(inherited)",
				);
				GCC_WARN_64_TO_32_BIT_CONVERSION = YES;
				GCC_WARN_ABOUT_RETURN_TYPE = YES_ERROR;
				GCC_WARN_UNDECLARED_SELECTOR = YES;
				GCC_WARN_UNINITIALIZED_AUTOS = YES_AGGRESSIVE;
				GCC_WARN_UNUSED_FUNCTION = YES;
				GCC_WARN_UNUSED_VARIABLE = YES;
				IPHONEOS_DEPLOYMENT_TARGET = 15.0;
				LOCALIZATION_PREFERS_STRING_CATALOGS = YES;
				MTL_ENABLE_DEBUG_INFO = INCLUDE_SOURCE;
				MTL_FAST_MATH = YES;
				ONLY_ACTIVE_ARCH = YES;
				SDKROOT = iphoneos;
				SWIFT_ACTIVE_COMPILATION_CONDITIONS = "DEBUG $(inherited)";
				SWIFT_OPTIMIZATION_LEVEL = "-Onone";
			};
			name = Debug;
		};
		B50550B82B5E412B0040CA56 /* Release */ = {
			isa = XCBuildConfiguration;
			buildSettings = {
				ALWAYS_SEARCH_USER_PATHS = NO;
				ASSETCATALOG_COMPILER_GENERATE_SWIFT_ASSET_SYMBOL_EXTENSIONS = YES;
				CLANG_ANALYZER_NONNULL = YES;
				CLANG_ANALYZER_NUMBER_OBJECT_CONVERSION = YES_AGGRESSIVE;
				CLANG_CXX_LANGUAGE_STANDARD = "gnu++20";
				CLANG_ENABLE_MODULES = YES;
				CLANG_ENABLE_OBJC_ARC = YES;
				CLANG_ENABLE_OBJC_WEAK = YES;
				CLANG_WARN_BLOCK_CAPTURE_AUTORELEASING = YES;
				CLANG_WARN_BOOL_CONVERSION = YES;
				CLANG_WARN_COMMA = YES;
				CLANG_WARN_CONSTANT_CONVERSION = YES;
				CLANG_WARN_DEPRECATED_OBJC_IMPLEMENTATIONS = YES;
				CLANG_WARN_DIRECT_OBJC_ISA_USAGE = YES_ERROR;
				CLANG_WARN_DOCUMENTATION_COMMENTS = YES;
				CLANG_WARN_EMPTY_BODY = YES;
				CLANG_WARN_ENUM_CONVERSION = YES;
				CLANG_WARN_INFINITE_RECURSION = YES;
				CLANG_WARN_INT_CONVERSION = YES;
				CLANG_WARN_NON_LITERAL_NULL_CONVERSION = YES;
				CLANG_WARN_OBJC_IMPLICIT_RETAIN_SELF = YES;
				CLANG_WARN_OBJC_LITERAL_CONVERSION = YES;
				CLANG_WARN_OBJC_ROOT_CLASS = YES_ERROR;
				CLANG_WARN_QUOTED_INCLUDE_IN_FRAMEWORK_HEADER = YES;
				CLANG_WARN_RANGE_LOOP_ANALYSIS = YES;
				CLANG_WARN_STRICT_PROTOTYPES = YES;
				CLANG_WARN_SUSPICIOUS_MOVE = YES;
				CLANG_WARN_UNGUARDED_AVAILABILITY = YES_AGGRESSIVE;
				CLANG_WARN_UNREACHABLE_CODE = YES;
				CLANG_WARN__DUPLICATE_METHOD_MATCH = YES;
				COPY_PHASE_STRIP = NO;
				DEBUG_INFORMATION_FORMAT = "dwarf-with-dsym";
				ENABLE_NS_ASSERTIONS = NO;
				ENABLE_STRICT_OBJC_MSGSEND = YES;
				ENABLE_USER_SCRIPT_SANDBOXING = YES;
				GCC_C_LANGUAGE_STANDARD = gnu17;
				GCC_NO_COMMON_BLOCKS = YES;
				GCC_WARN_64_TO_32_BIT_CONVERSION = YES;
				GCC_WARN_ABOUT_RETURN_TYPE = YES_ERROR;
				GCC_WARN_UNDECLARED_SELECTOR = YES;
				GCC_WARN_UNINITIALIZED_AUTOS = YES_AGGRESSIVE;
				GCC_WARN_UNUSED_FUNCTION = YES;
				GCC_WARN_UNUSED_VARIABLE = YES;
				IPHONEOS_DEPLOYMENT_TARGET = 15.0;
				LOCALIZATION_PREFERS_STRING_CATALOGS = YES;
				MTL_ENABLE_DEBUG_INFO = NO;
				MTL_FAST_MATH = YES;
				SDKROOT = iphoneos;
				SWIFT_COMPILATION_MODE = wholemodule;
				VALIDATE_PRODUCT = YES;
			};
			name = Release;
		};
		B50550BA2B5E412B0040CA56 /* Debug */ = {
			isa = XCBuildConfiguration;
			buildSettings = {
				ASSETCATALOG_COMPILER_APPICON_NAME = AppIcon;
				ASSETCATALOG_COMPILER_GLOBAL_ACCENT_COLOR_NAME = AccentColor;
				CODE_SIGN_STYLE = Automatic;
				CURRENT_PROJECT_VERSION = 1;
				DEVELOPMENT_TEAM = XSFWJACHHY;
				GENERATE_INFOPLIST_FILE = YES;
				INFOPLIST_FILE = FinalProject_WineAppetit/Info.plist;
				INFOPLIST_KEY_UIApplicationSupportsIndirectInputEvents = YES;
				INFOPLIST_KEY_UILaunchStoryboardName = LaunchScreen;
				INFOPLIST_KEY_UISupportedInterfaceOrientations_iPad = "UIInterfaceOrientationPortrait UIInterfaceOrientationPortraitUpsideDown UIInterfaceOrientationLandscapeLeft UIInterfaceOrientationLandscapeRight";
				INFOPLIST_KEY_UISupportedInterfaceOrientations_iPhone = "UIInterfaceOrientationPortrait UIInterfaceOrientationLandscapeLeft UIInterfaceOrientationLandscapeRight";
				IPHONEOS_DEPLOYMENT_TARGET = 15.0;
				LD_RUNPATH_SEARCH_PATHS = (
					"$(inherited)",
					"@executable_path/Frameworks",
				);
				MARKETING_VERSION = 1.0;
				PRODUCT_BUNDLE_IDENTIFIER = "com.ekakelenjeridze.FinalProject-WineAppetit";
				PRODUCT_NAME = "$(TARGET_NAME)";
				SWIFT_EMIT_LOC_STRINGS = YES;
				SWIFT_VERSION = 5.0;
				TARGETED_DEVICE_FAMILY = "1,2";
			};
			name = Debug;
		};
		B50550BB2B5E412B0040CA56 /* Release */ = {
			isa = XCBuildConfiguration;
			buildSettings = {
				ASSETCATALOG_COMPILER_APPICON_NAME = AppIcon;
				ASSETCATALOG_COMPILER_GLOBAL_ACCENT_COLOR_NAME = AccentColor;
				CODE_SIGN_STYLE = Automatic;
				CURRENT_PROJECT_VERSION = 1;
				DEVELOPMENT_TEAM = XSFWJACHHY;
				GENERATE_INFOPLIST_FILE = YES;
				INFOPLIST_FILE = FinalProject_WineAppetit/Info.plist;
				INFOPLIST_KEY_UIApplicationSupportsIndirectInputEvents = YES;
				INFOPLIST_KEY_UILaunchStoryboardName = LaunchScreen;
				INFOPLIST_KEY_UISupportedInterfaceOrientations_iPad = "UIInterfaceOrientationPortrait UIInterfaceOrientationPortraitUpsideDown UIInterfaceOrientationLandscapeLeft UIInterfaceOrientationLandscapeRight";
				INFOPLIST_KEY_UISupportedInterfaceOrientations_iPhone = "UIInterfaceOrientationPortrait UIInterfaceOrientationLandscapeLeft UIInterfaceOrientationLandscapeRight";
				IPHONEOS_DEPLOYMENT_TARGET = 15.0;
				LD_RUNPATH_SEARCH_PATHS = (
					"$(inherited)",
					"@executable_path/Frameworks",
				);
				MARKETING_VERSION = 1.0;
				PRODUCT_BUNDLE_IDENTIFIER = "com.ekakelenjeridze.FinalProject-WineAppetit";
				PRODUCT_NAME = "$(TARGET_NAME)";
				SWIFT_EMIT_LOC_STRINGS = YES;
				SWIFT_VERSION = 5.0;
				TARGETED_DEVICE_FAMILY = "1,2";
			};
			name = Release;
		};
/* End XCBuildConfiguration section */

/* Begin XCConfigurationList section */
		B50550A02B5E41290040CA56 /* Build configuration list for PBXProject "FinalProject_WineAppetit" */ = {
			isa = XCConfigurationList;
			buildConfigurations = (
				B50550B72B5E412B0040CA56 /* Debug */,
				B50550B82B5E412B0040CA56 /* Release */,
			);
			defaultConfigurationIsVisible = 0;
			defaultConfigurationName = Release;
		};
		B50550B92B5E412B0040CA56 /* Build configuration list for PBXNativeTarget "FinalProject_WineAppetit" */ = {
			isa = XCConfigurationList;
			buildConfigurations = (
				B50550BA2B5E412B0040CA56 /* Debug */,
				B50550BB2B5E412B0040CA56 /* Release */,
			);
			defaultConfigurationIsVisible = 0;
			defaultConfigurationName = Release;
		};
/* End XCConfigurationList section */

/* Begin XCRemoteSwiftPackageReference section */
		B50550C92B5FCA160040CA56 /* XCRemoteSwiftPackageReference "GenericNetworkManager" */ = {
			isa = XCRemoteSwiftPackageReference;
			repositoryURL = "https://github.com/ekakele/GenericNetworkManager";
			requirement = {
				kind = exactVersion;
				version = 0.0.5;
			};
		};
/* End XCRemoteSwiftPackageReference section */

/* Begin XCSwiftPackageProductDependency section */
		B50550CA2B5FCA160040CA56 /* GenericNetworkManager */ = {
			isa = XCSwiftPackageProductDependency;
			package = B50550C92B5FCA160040CA56 /* XCRemoteSwiftPackageReference "GenericNetworkManager" */;
			productName = GenericNetworkManager;
		};
/* End XCSwiftPackageProductDependency section */
	};
	rootObject = B505509D2B5E41290040CA56 /* Project object */;
}
