// !$*UTF8*$!
{
	archiveVersion = 1;
	classes = {
	};
	objectVersion = 56;
	objects = {

/* Begin PBXBuildFile section */
		B50550A92B5E41290040CA56 /* AppDelegate.swift in Sources */ = {isa = PBXBuildFile; fileRef = B50550A82B5E41290040CA56 /* AppDelegate.swift */; };
		B50550AB2B5E41290040CA56 /* SceneDelegate.swift in Sources */ = {isa = PBXBuildFile; fileRef = B50550AA2B5E41290040CA56 /* SceneDelegate.swift */; };
		B50550AD2B5E41290040CA56 /* WineListViewController.swift in Sources */ = {isa = PBXBuildFile; fileRef = B50550AC2B5E41290040CA56 /* WineListViewController.swift */; };
		B50550B22B5E412B0040CA56 /* Assets.xcassets in Resources */ = {isa = PBXBuildFile; fileRef = B50550B12B5E412B0040CA56 /* Assets.xcassets */; };
		B50550B52B5E412B0040CA56 /* LaunchScreen.storyboard in Resources */ = {isa = PBXBuildFile; fileRef = B50550B32B5E412B0040CA56 /* LaunchScreen.storyboard */; };
		B50550C82B5FC9910040CA56 /* WineItemCollectionViewCell.swift in Sources */ = {isa = PBXBuildFile; fileRef = B50550C72B5FC9910040CA56 /* WineItemCollectionViewCell.swift */; };
		B50550CB2B5FCA160040CA56 /* GenericNetworkManager in Frameworks */ = {isa = PBXBuildFile; productRef = B50550CA2B5FCA160040CA56 /* GenericNetworkManager */; };
		B50550CD2B5FCC150040CA56 /* Wine.swift in Sources */ = {isa = PBXBuildFile; fileRef = B50550CC2B5FCC150040CA56 /* Wine.swift */; };
		B50550CF2B5FDABC0040CA56 /* WineListViewModel.swift in Sources */ = {isa = PBXBuildFile; fileRef = B50550CE2B5FDABC0040CA56 /* WineListViewModel.swift */; };
		B50550D22B5FE0840040CA56 /* CustomSearchController.swift in Sources */ = {isa = PBXBuildFile; fileRef = B50550D12B5FE0840040CA56 /* CustomSearchController.swift */; };
		B50550D82B6013810040CA56 /* AppConstants.swift in Sources */ = {isa = PBXBuildFile; fileRef = B50550D72B6013810040CA56 /* AppConstants.swift */; };
		B50550DE2B6039FC0040CA56 /* ImageLoader.swift in Sources */ = {isa = PBXBuildFile; fileRef = B50550DD2B6039FC0040CA56 /* ImageLoader.swift */; };
		B50550E02B6040610040CA56 /* ShortInfoStackView.swift in Sources */ = {isa = PBXBuildFile; fileRef = B50550DF2B6040610040CA56 /* ShortInfoStackView.swift */; };
		B50550E22B6040C00040CA56 /* CustomLabel.swift in Sources */ = {isa = PBXBuildFile; fileRef = B50550E12B6040C00040CA56 /* CustomLabel.swift */; };
		B51764822B6D8CB9000DF5E8 /* SpinTheBottleViewController.swift in Sources */ = {isa = PBXBuildFile; fileRef = B51764812B6D8CB9000DF5E8 /* SpinTheBottleViewController.swift */; };
		B51764842B6DB553000DF5E8 /* SpinTheBottleGameData.swift in Sources */ = {isa = PBXBuildFile; fileRef = B51764832B6DB553000DF5E8 /* SpinTheBottleGameData.swift */; };
		B5304D0C2B779EC200932B45 /* Onboarding.swift in Sources */ = {isa = PBXBuildFile; fileRef = B5304D0B2B779EC200932B45 /* Onboarding.swift */; };
		B5304D0E2B779F4F00932B45 /* OnboardingData.swift in Sources */ = {isa = PBXBuildFile; fileRef = B5304D0D2B779F4F00932B45 /* OnboardingData.swift */; };
		B5304D102B77A11100932B45 /* OnboardingViewModel.swift in Sources */ = {isa = PBXBuildFile; fileRef = B5304D0F2B77A11100932B45 /* OnboardingViewModel.swift */; };
		B5304D122B77A4A600932B45 /* View+CornerRadius.swift in Sources */ = {isa = PBXBuildFile; fileRef = B5304D112B77A4A600932B45 /* View+CornerRadius.swift */; };
		B5304D142B77A4E400932B45 /* CornerRadiusStyle.swift in Sources */ = {isa = PBXBuildFile; fileRef = B5304D132B77A4E400932B45 /* CornerRadiusStyle.swift */; };
		B5304D162B77A5F900932B45 /* RectangleView.swift in Sources */ = {isa = PBXBuildFile; fileRef = B5304D152B77A5F900932B45 /* RectangleView.swift */; };
		B5304D182B77A6E000932B45 /* ProgressIndicatorView.swift in Sources */ = {isa = PBXBuildFile; fileRef = B5304D172B77A6E000932B45 /* ProgressIndicatorView.swift */; };
		B5304D1A2B77A7CD00932B45 /* MoveButtonView.swift in Sources */ = {isa = PBXBuildFile; fileRef = B5304D192B77A7CD00932B45 /* MoveButtonView.swift */; };
		B5304D1C2B77A91400932B45 /* OnboardingPageView.swift in Sources */ = {isa = PBXBuildFile; fileRef = B5304D1B2B77A91400932B45 /* OnboardingPageView.swift */; };
		B5304D202B77AC5C00932B45 /* OnboardingTabView.swift in Sources */ = {isa = PBXBuildFile; fileRef = B5304D1F2B77AC5C00932B45 /* OnboardingTabView.swift */; };
		B5304D222B77ACD400932B45 /* OnboardingView.swift in Sources */ = {isa = PBXBuildFile; fileRef = B5304D212B77ACD400932B45 /* OnboardingView.swift */; };
		B5304D242B77AFCC00932B45 /* TextButtonView.swift in Sources */ = {isa = PBXBuildFile; fileRef = B5304D232B77AFCC00932B45 /* TextButtonView.swift */; };
		B5304D262B7840C000932B45 /* TabBarControllerRepresentableView.swift in Sources */ = {isa = PBXBuildFile; fileRef = B5304D252B7840C000932B45 /* TabBarControllerRepresentableView.swift */; };
		B531DB852B6B80BC00BDCDBA /* FloatingButtonView.swift in Sources */ = {isa = PBXBuildFile; fileRef = B531DB842B6B80BC00BDCDBA /* FloatingButtonView.swift */; };
		B531DB892B6B9A9E00BDCDBA /* WineListViewControllerRepresentableView.swift in Sources */ = {isa = PBXBuildFile; fileRef = B531DB882B6B9A9E00BDCDBA /* WineListViewControllerRepresentableView.swift */; };
		B531DB8D2B6C292E00BDCDBA /* WineDetailsViewControllerRepresentableView.swift in Sources */ = {isa = PBXBuildFile; fileRef = B531DB8C2B6C292E00BDCDBA /* WineDetailsViewControllerRepresentableView.swift */; };
		B53B28D02B6FC350006CC480 /* WineRandomizerViewController.swift in Sources */ = {isa = PBXBuildFile; fileRef = B53B28CF2B6FC350006CC480 /* WineRandomizerViewController.swift */; };
		B53F4D0C2B720C390032AED5 /* WineRandomizerViewModel.swift in Sources */ = {isa = PBXBuildFile; fileRef = B53F4D0B2B720C390032AED5 /* WineRandomizerViewModel.swift */; };
		B54F09962B7A5BA800E85445 /* NavigationBarManager.swift in Sources */ = {isa = PBXBuildFile; fileRef = B54F09952B7A5BA800E85445 /* NavigationBarManager.swift */; };
		B5517D2C2B61775C004A4961 /* ActivityIndicator.swift in Sources */ = {isa = PBXBuildFile; fileRef = B5517D2B2B61775C004A4961 /* ActivityIndicator.swift */; };
		B56CED632B6AA84E00F2F6EC /* Color+Hex.swift in Sources */ = {isa = PBXBuildFile; fileRef = B56CED622B6AA84E00F2F6EC /* Color+Hex.swift */; };
		B56CED662B6AAB1E00F2F6EC /* MyWineLibraryView.swift in Sources */ = {isa = PBXBuildFile; fileRef = B56CED652B6AAB1E00F2F6EC /* MyWineLibraryView.swift */; };
		B56CED682B6AAB4400F2F6EC /* MyWineLibraryViewModel.swift in Sources */ = {isa = PBXBuildFile; fileRef = B56CED672B6AAB4400F2F6EC /* MyWineLibraryViewModel.swift */; };
		B56CED6C2B6AAC3900F2F6EC /* ShelfTitleView.swift in Sources */ = {isa = PBXBuildFile; fileRef = B56CED6B2B6AAC3900F2F6EC /* ShelfTitleView.swift */; };
		B56CED6E2B6AAE0400F2F6EC /* ItemCellView.swift in Sources */ = {isa = PBXBuildFile; fileRef = B56CED6D2B6AAE0400F2F6EC /* ItemCellView.swift */; };
		B56CED722B6AB56700F2F6EC /* HorizontalScrollView.swift in Sources */ = {isa = PBXBuildFile; fileRef = B56CED712B6AB56700F2F6EC /* HorizontalScrollView.swift */; };
		B5816D4A2B6518C000550FE9 /* WineDetails.swift in Sources */ = {isa = PBXBuildFile; fileRef = B5816D492B6518C000550FE9 /* WineDetails.swift */; };
		B58E60502B622DD2000458BD /* UIColor+Hex.swift in Sources */ = {isa = PBXBuildFile; fileRef = B58E604F2B622DD2000458BD /* UIColor+Hex.swift */; };
		B58E60562B62AF16000458BD /* UserPreferencesManager.swift in Sources */ = {isa = PBXBuildFile; fileRef = B58E60552B62AF16000458BD /* UserPreferencesManager.swift */; };
		B58E60652B638CE7000458BD /* InfographicIcon.swift in Sources */ = {isa = PBXBuildFile; fileRef = B58E60642B638CE7000458BD /* InfographicIcon.swift */; };
		B58E60672B638D7F000458BD /* IconLabelStackView.swift in Sources */ = {isa = PBXBuildFile; fileRef = B58E60662B638D7F000458BD /* IconLabelStackView.swift */; };
		B58E60692B63B032000458BD /* IconView.swift in Sources */ = {isa = PBXBuildFile; fileRef = B58E60682B63B032000458BD /* IconView.swift */; };
		B58E606B2B63B441000458BD /* OrganolepticIconStackView.swift in Sources */ = {isa = PBXBuildFile; fileRef = B58E606A2B63B441000458BD /* OrganolepticIconStackView.swift */; };
		B58E60712B63C072000458BD /* WineDetailsViewController.swift in Sources */ = {isa = PBXBuildFile; fileRef = B58E60702B63C072000458BD /* WineDetailsViewController.swift */; };
		B58E60752B645B91000458BD /* WineDetailsViewModel.swift in Sources */ = {isa = PBXBuildFile; fileRef = B58E60742B645B91000458BD /* WineDetailsViewModel.swift */; };
		B58EDED62B6E34CC0063D46D /* popSound.mp3 in Resources */ = {isa = PBXBuildFile; fileRef = B58EDED52B6E34CB0063D46D /* popSound.mp3 */; };
		B58EDED82B6EA1DF0063D46D /* SpinTheBottleViewModel.swift in Sources */ = {isa = PBXBuildFile; fileRef = B58EDED72B6EA1DF0063D46D /* SpinTheBottleViewModel.swift */; };
		B58EDEDB2B6ED5BD0063D46D /* TabBarController.swift in Sources */ = {isa = PBXBuildFile; fileRef = B58EDEDA2B6ED5BD0063D46D /* TabBarController.swift */; };
		B5A2E4D52B8D2ECE00633464 /* AVCaptureSessionManager.swift in Sources */ = {isa = PBXBuildFile; fileRef = B5A2E4D42B8D2ECE00633464 /* AVCaptureSessionManager.swift */; };
		B5A2E4D82B8D2F1700633464 /* BarcodeScannerUIView.swift in Sources */ = {isa = PBXBuildFile; fileRef = B5A2E4D72B8D2F1700633464 /* BarcodeScannerUIView.swift */; };
		B5A2E4DA2B8D2F9F00633464 /* BarcodeScannerViewRepresentableView.swift in Sources */ = {isa = PBXBuildFile; fileRef = B5A2E4D92B8D2F9F00633464 /* BarcodeScannerViewRepresentableView.swift */; };
		B5A2E4DC2B8D309100633464 /* BarcodeScannerView.swift in Sources */ = {isa = PBXBuildFile; fileRef = B5A2E4DB2B8D309100633464 /* BarcodeScannerView.swift */; };
		B5A2E4DE2B8D31A200633464 /* ScanningLineView.swift in Sources */ = {isa = PBXBuildFile; fileRef = B5A2E4DD2B8D31A200633464 /* ScanningLineView.swift */; };
		B5B05E9B2B67E36E00EFDDA1 /* CalorieCounterViewController.swift in Sources */ = {isa = PBXBuildFile; fileRef = B5B05E9A2B67E36E00EFDDA1 /* CalorieCounterViewController.swift */; };
		B5B05E9D2B67E38100EFDDA1 /* CalorieCounterViewModel.swift in Sources */ = {isa = PBXBuildFile; fileRef = B5B05E9C2B67E38100EFDDA1 /* CalorieCounterViewModel.swift */; };
		B5B05E9F2B67E58000EFDDA1 /* WineData.swift in Sources */ = {isa = PBXBuildFile; fileRef = B5B05E9E2B67E58000EFDDA1 /* WineData.swift */; };
		B5B05EA12B67E85500EFDDA1 /* IconButton.swift in Sources */ = {isa = PBXBuildFile; fileRef = B5B05EA02B67E85500EFDDA1 /* IconButton.swift */; };
		B5B17D532B713E9800734CB0 /* MenuButton.swift in Sources */ = {isa = PBXBuildFile; fileRef = B5B17D522B713E9800734CB0 /* MenuButton.swift */; };
/* End PBXBuildFile section */

/* Begin PBXFileReference section */
		B50550A52B5E41290040CA56 /* FinalProject_WineAppetit.app */ = {isa = PBXFileReference; explicitFileType = wrapper.application; includeInIndex = 0; path = FinalProject_WineAppetit.app; sourceTree = BUILT_PRODUCTS_DIR; };
		B50550A82B5E41290040CA56 /* AppDelegate.swift */ = {isa = PBXFileReference; lastKnownFileType = sourcecode.swift; path = AppDelegate.swift; sourceTree = "<group>"; };
		B50550AA2B5E41290040CA56 /* SceneDelegate.swift */ = {isa = PBXFileReference; lastKnownFileType = sourcecode.swift; path = SceneDelegate.swift; sourceTree = "<group>"; };
		B50550AC2B5E41290040CA56 /* WineListViewController.swift */ = {isa = PBXFileReference; lastKnownFileType = sourcecode.swift; path = WineListViewController.swift; sourceTree = "<group>"; };
		B50550B12B5E412B0040CA56 /* Assets.xcassets */ = {isa = PBXFileReference; lastKnownFileType = folder.assetcatalog; path = Assets.xcassets; sourceTree = "<group>"; };
		B50550B42B5E412B0040CA56 /* Base */ = {isa = PBXFileReference; lastKnownFileType = file.storyboard; name = Base; path = Base.lproj/LaunchScreen.storyboard; sourceTree = "<group>"; };
		B50550B62B5E412B0040CA56 /* Info.plist */ = {isa = PBXFileReference; lastKnownFileType = text.plist.xml; path = Info.plist; sourceTree = "<group>"; };
		B50550C72B5FC9910040CA56 /* WineItemCollectionViewCell.swift */ = {isa = PBXFileReference; lastKnownFileType = sourcecode.swift; path = WineItemCollectionViewCell.swift; sourceTree = "<group>"; };
		B50550CC2B5FCC150040CA56 /* Wine.swift */ = {isa = PBXFileReference; lastKnownFileType = sourcecode.swift; path = Wine.swift; sourceTree = "<group>"; };
		B50550CE2B5FDABC0040CA56 /* WineListViewModel.swift */ = {isa = PBXFileReference; lastKnownFileType = sourcecode.swift; path = WineListViewModel.swift; sourceTree = "<group>"; };
		B50550D12B5FE0840040CA56 /* CustomSearchController.swift */ = {isa = PBXFileReference; lastKnownFileType = sourcecode.swift; path = CustomSearchController.swift; sourceTree = "<group>"; };
		B50550D72B6013810040CA56 /* AppConstants.swift */ = {isa = PBXFileReference; lastKnownFileType = sourcecode.swift; path = AppConstants.swift; sourceTree = "<group>"; };
		B50550DD2B6039FC0040CA56 /* ImageLoader.swift */ = {isa = PBXFileReference; lastKnownFileType = sourcecode.swift; path = ImageLoader.swift; sourceTree = "<group>"; };
		B50550DF2B6040610040CA56 /* ShortInfoStackView.swift */ = {isa = PBXFileReference; lastKnownFileType = sourcecode.swift; path = ShortInfoStackView.swift; sourceTree = "<group>"; };
		B50550E12B6040C00040CA56 /* CustomLabel.swift */ = {isa = PBXFileReference; lastKnownFileType = sourcecode.swift; path = CustomLabel.swift; sourceTree = "<group>"; };
		B51764812B6D8CB9000DF5E8 /* SpinTheBottleViewController.swift */ = {isa = PBXFileReference; lastKnownFileType = sourcecode.swift; path = SpinTheBottleViewController.swift; sourceTree = "<group>"; };
		B51764832B6DB553000DF5E8 /* SpinTheBottleGameData.swift */ = {isa = PBXFileReference; lastKnownFileType = sourcecode.swift; path = SpinTheBottleGameData.swift; sourceTree = "<group>"; };
		B5304D0B2B779EC200932B45 /* Onboarding.swift */ = {isa = PBXFileReference; lastKnownFileType = sourcecode.swift; path = Onboarding.swift; sourceTree = "<group>"; };
		B5304D0D2B779F4F00932B45 /* OnboardingData.swift */ = {isa = PBXFileReference; lastKnownFileType = sourcecode.swift; path = OnboardingData.swift; sourceTree = "<group>"; };
		B5304D0F2B77A11100932B45 /* OnboardingViewModel.swift */ = {isa = PBXFileReference; lastKnownFileType = sourcecode.swift; path = OnboardingViewModel.swift; sourceTree = "<group>"; };
		B5304D112B77A4A600932B45 /* View+CornerRadius.swift */ = {isa = PBXFileReference; lastKnownFileType = sourcecode.swift; path = "View+CornerRadius.swift"; sourceTree = "<group>"; };
		B5304D132B77A4E400932B45 /* CornerRadiusStyle.swift */ = {isa = PBXFileReference; lastKnownFileType = sourcecode.swift; path = CornerRadiusStyle.swift; sourceTree = "<group>"; };
		B5304D152B77A5F900932B45 /* RectangleView.swift */ = {isa = PBXFileReference; lastKnownFileType = sourcecode.swift; path = RectangleView.swift; sourceTree = "<group>"; };
		B5304D172B77A6E000932B45 /* ProgressIndicatorView.swift */ = {isa = PBXFileReference; lastKnownFileType = sourcecode.swift; path = ProgressIndicatorView.swift; sourceTree = "<group>"; };
		B5304D192B77A7CD00932B45 /* MoveButtonView.swift */ = {isa = PBXFileReference; lastKnownFileType = sourcecode.swift; path = MoveButtonView.swift; sourceTree = "<group>"; };
		B5304D1B2B77A91400932B45 /* OnboardingPageView.swift */ = {isa = PBXFileReference; lastKnownFileType = sourcecode.swift; path = OnboardingPageView.swift; sourceTree = "<group>"; };
		B5304D1F2B77AC5C00932B45 /* OnboardingTabView.swift */ = {isa = PBXFileReference; lastKnownFileType = sourcecode.swift; path = OnboardingTabView.swift; sourceTree = "<group>"; };
		B5304D212B77ACD400932B45 /* OnboardingView.swift */ = {isa = PBXFileReference; lastKnownFileType = sourcecode.swift; path = OnboardingView.swift; sourceTree = "<group>"; };
		B5304D232B77AFCC00932B45 /* TextButtonView.swift */ = {isa = PBXFileReference; lastKnownFileType = sourcecode.swift; path = TextButtonView.swift; sourceTree = "<group>"; };
		B5304D252B7840C000932B45 /* TabBarControllerRepresentableView.swift */ = {isa = PBXFileReference; lastKnownFileType = sourcecode.swift; path = TabBarControllerRepresentableView.swift; sourceTree = "<group>"; };
		B531DB842B6B80BC00BDCDBA /* FloatingButtonView.swift */ = {isa = PBXFileReference; lastKnownFileType = sourcecode.swift; path = FloatingButtonView.swift; sourceTree = "<group>"; };
		B531DB882B6B9A9E00BDCDBA /* WineListViewControllerRepresentableView.swift */ = {isa = PBXFileReference; lastKnownFileType = sourcecode.swift; path = WineListViewControllerRepresentableView.swift; sourceTree = "<group>"; };
		B531DB8C2B6C292E00BDCDBA /* WineDetailsViewControllerRepresentableView.swift */ = {isa = PBXFileReference; lastKnownFileType = sourcecode.swift; path = WineDetailsViewControllerRepresentableView.swift; sourceTree = "<group>"; };
		B53B28CF2B6FC350006CC480 /* WineRandomizerViewController.swift */ = {isa = PBXFileReference; lastKnownFileType = sourcecode.swift; path = WineRandomizerViewController.swift; sourceTree = "<group>"; };
		B53F4D0B2B720C390032AED5 /* WineRandomizerViewModel.swift */ = {isa = PBXFileReference; lastKnownFileType = sourcecode.swift; path = WineRandomizerViewModel.swift; sourceTree = "<group>"; };
		B54F09952B7A5BA800E85445 /* NavigationBarManager.swift */ = {isa = PBXFileReference; lastKnownFileType = sourcecode.swift; path = NavigationBarManager.swift; sourceTree = "<group>"; };
		B5517D2B2B61775C004A4961 /* ActivityIndicator.swift */ = {isa = PBXFileReference; lastKnownFileType = sourcecode.swift; path = ActivityIndicator.swift; sourceTree = "<group>"; };
		B56CED622B6AA84E00F2F6EC /* Color+Hex.swift */ = {isa = PBXFileReference; lastKnownFileType = sourcecode.swift; path = "Color+Hex.swift"; sourceTree = "<group>"; };
		B56CED652B6AAB1E00F2F6EC /* MyWineLibraryView.swift */ = {isa = PBXFileReference; lastKnownFileType = sourcecode.swift; path = MyWineLibraryView.swift; sourceTree = "<group>"; };
		B56CED672B6AAB4400F2F6EC /* MyWineLibraryViewModel.swift */ = {isa = PBXFileReference; lastKnownFileType = sourcecode.swift; path = MyWineLibraryViewModel.swift; sourceTree = "<group>"; };
		B56CED6B2B6AAC3900F2F6EC /* ShelfTitleView.swift */ = {isa = PBXFileReference; lastKnownFileType = sourcecode.swift; path = ShelfTitleView.swift; sourceTree = "<group>"; };
		B56CED6D2B6AAE0400F2F6EC /* ItemCellView.swift */ = {isa = PBXFileReference; lastKnownFileType = sourcecode.swift; path = ItemCellView.swift; sourceTree = "<group>"; };
		B56CED712B6AB56700F2F6EC /* HorizontalScrollView.swift */ = {isa = PBXFileReference; lastKnownFileType = sourcecode.swift; path = HorizontalScrollView.swift; sourceTree = "<group>"; };
		B5816D492B6518C000550FE9 /* WineDetails.swift */ = {isa = PBXFileReference; lastKnownFileType = sourcecode.swift; path = WineDetails.swift; sourceTree = "<group>"; };
		B58E604F2B622DD2000458BD /* UIColor+Hex.swift */ = {isa = PBXFileReference; lastKnownFileType = sourcecode.swift; path = "UIColor+Hex.swift"; sourceTree = "<group>"; };
		B58E60552B62AF16000458BD /* UserPreferencesManager.swift */ = {isa = PBXFileReference; lastKnownFileType = sourcecode.swift; path = UserPreferencesManager.swift; sourceTree = "<group>"; };
		B58E60642B638CE7000458BD /* InfographicIcon.swift */ = {isa = PBXFileReference; lastKnownFileType = sourcecode.swift; path = InfographicIcon.swift; sourceTree = "<group>"; };
		B58E60662B638D7F000458BD /* IconLabelStackView.swift */ = {isa = PBXFileReference; lastKnownFileType = sourcecode.swift; path = IconLabelStackView.swift; sourceTree = "<group>"; };
		B58E60682B63B032000458BD /* IconView.swift */ = {isa = PBXFileReference; lastKnownFileType = sourcecode.swift; path = IconView.swift; sourceTree = "<group>"; };
		B58E606A2B63B441000458BD /* OrganolepticIconStackView.swift */ = {isa = PBXFileReference; lastKnownFileType = sourcecode.swift; path = OrganolepticIconStackView.swift; sourceTree = "<group>"; };
		B58E60702B63C072000458BD /* WineDetailsViewController.swift */ = {isa = PBXFileReference; lastKnownFileType = sourcecode.swift; path = WineDetailsViewController.swift; sourceTree = "<group>"; };
		B58E60742B645B91000458BD /* WineDetailsViewModel.swift */ = {isa = PBXFileReference; lastKnownFileType = sourcecode.swift; path = WineDetailsViewModel.swift; sourceTree = "<group>"; };
		B58EDED52B6E34CB0063D46D /* popSound.mp3 */ = {isa = PBXFileReference; lastKnownFileType = audio.mp3; path = popSound.mp3; sourceTree = "<group>"; };
		B58EDED72B6EA1DF0063D46D /* SpinTheBottleViewModel.swift */ = {isa = PBXFileReference; lastKnownFileType = sourcecode.swift; path = SpinTheBottleViewModel.swift; sourceTree = "<group>"; };
		B58EDEDA2B6ED5BD0063D46D /* TabBarController.swift */ = {isa = PBXFileReference; lastKnownFileType = sourcecode.swift; path = TabBarController.swift; sourceTree = "<group>"; };
		B5A2E4D42B8D2ECE00633464 /* AVCaptureSessionManager.swift */ = {isa = PBXFileReference; lastKnownFileType = sourcecode.swift; path = AVCaptureSessionManager.swift; sourceTree = "<group>"; };
		B5A2E4D72B8D2F1700633464 /* BarcodeScannerUIView.swift */ = {isa = PBXFileReference; lastKnownFileType = sourcecode.swift; path = BarcodeScannerUIView.swift; sourceTree = "<group>"; };
		B5A2E4D92B8D2F9F00633464 /* BarcodeScannerViewRepresentableView.swift */ = {isa = PBXFileReference; lastKnownFileType = sourcecode.swift; path = BarcodeScannerViewRepresentableView.swift; sourceTree = "<group>"; };
		B5A2E4DB2B8D309100633464 /* BarcodeScannerView.swift */ = {isa = PBXFileReference; lastKnownFileType = sourcecode.swift; path = BarcodeScannerView.swift; sourceTree = "<group>"; };
		B5A2E4DD2B8D31A200633464 /* ScanningLineView.swift */ = {isa = PBXFileReference; lastKnownFileType = sourcecode.swift; path = ScanningLineView.swift; sourceTree = "<group>"; };
		B5B05E9A2B67E36E00EFDDA1 /* CalorieCounterViewController.swift */ = {isa = PBXFileReference; lastKnownFileType = sourcecode.swift; path = CalorieCounterViewController.swift; sourceTree = "<group>"; };
		B5B05E9C2B67E38100EFDDA1 /* CalorieCounterViewModel.swift */ = {isa = PBXFileReference; lastKnownFileType = sourcecode.swift; path = CalorieCounterViewModel.swift; sourceTree = "<group>"; };
		B5B05E9E2B67E58000EFDDA1 /* WineData.swift */ = {isa = PBXFileReference; lastKnownFileType = sourcecode.swift; path = WineData.swift; sourceTree = "<group>"; };
		B5B05EA02B67E85500EFDDA1 /* IconButton.swift */ = {isa = PBXFileReference; lastKnownFileType = sourcecode.swift; path = IconButton.swift; sourceTree = "<group>"; };
		B5B17D522B713E9800734CB0 /* MenuButton.swift */ = {isa = PBXFileReference; lastKnownFileType = sourcecode.swift; path = MenuButton.swift; sourceTree = "<group>"; };
/* End PBXFileReference section */

/* Begin PBXFrameworksBuildPhase section */
		B50550A22B5E41290040CA56 /* Frameworks */ = {
			isa = PBXFrameworksBuildPhase;
			buildActionMask = 2147483647;
			files = (
				B50550CB2B5FCA160040CA56 /* GenericNetworkManager in Frameworks */,
			);
			runOnlyForDeploymentPostprocessing = 0;
		};
/* End PBXFrameworksBuildPhase section */

/* Begin PBXGroup section */
		B505509C2B5E41290040CA56 = {
			isa = PBXGroup;
			children = (
				B50550A72B5E41290040CA56 /* FinalProject_WineAppetit */,
				B50550A62B5E41290040CA56 /* Products */,
			);
			sourceTree = "<group>";
		};
		B50550A62B5E41290040CA56 /* Products */ = {
			isa = PBXGroup;
			children = (
				B50550A52B5E41290040CA56 /* FinalProject_WineAppetit.app */,
			);
			name = Products;
			sourceTree = "<group>";
		};
		B50550A72B5E41290040CA56 /* FinalProject_WineAppetit */ = {
			isa = PBXGroup;
			children = (
				B50550BC2B5E41770040CA56 /* App */,
				B50550BF2B5E419A0040CA56 /* Models */,
				B50550C02B5E41BD0040CA56 /* Scenes */,
				B50550D02B5FE04E0040CA56 /* Components */,
				B50550DC2B60397D0040CA56 /* Utils */,
				B58E604E2B622DB4000458BD /* Extensions */,
				B50550D62B6013730040CA56 /* Constants */,
				B50550BD2B5E417F0040CA56 /* Resources */,
				B50550B62B5E412B0040CA56 /* Info.plist */,
			);
			path = FinalProject_WineAppetit;
			sourceTree = "<group>";
		};
		B50550BC2B5E41770040CA56 /* App */ = {
			isa = PBXGroup;
			children = (
				B50550A82B5E41290040CA56 /* AppDelegate.swift */,
				B50550AA2B5E41290040CA56 /* SceneDelegate.swift */,
			);
			path = App;
			sourceTree = "<group>";
		};
		B50550BD2B5E417F0040CA56 /* Resources */ = {
			isa = PBXGroup;
			children = (
				B54F09982B7A67D100E85445 /* Images */,
				B54F09972B7A67BD00E85445 /* Audio */,
				B50550B32B5E412B0040CA56 /* LaunchScreen.storyboard */,
			);
			path = Resources;
			sourceTree = "<group>";
		};
		B50550BF2B5E419A0040CA56 /* Models */ = {
			isa = PBXGroup;
			children = (
				B50550CC2B5FCC150040CA56 /* Wine.swift */,
				B5816D492B6518C000550FE9 /* WineDetails.swift */,
				B5304D0B2B779EC200932B45 /* Onboarding.swift */,
			);
			path = Models;
			sourceTree = "<group>";
		};
		B50550C02B5E41BD0040CA56 /* Scenes */ = {
			isa = PBXGroup;
			children = (
				B5BCAFFC2B779388002A1FB8 /* Onboarding */,
				B58EDED92B6ED5A70063D46D /* TabBarController */,
				B50550C52B5FC90E0040CA56 /* List */,
				B58E60572B62E853000458BD /* Details */,
				B5A2E4D62B8D2F0500633464 /* BarcodeScanner */,
				B53B28CE2B6FC30A006CC480 /* WineRandomizer */,
				B56CED642B6AAAFB00F2F6EC /* MyWineLibrary */,
				B5B05E992B67E34E00EFDDA1 /* CalorieCounter */,
				B51764802B6D8C6C000DF5E8 /* SpinTheBottle */,
			);
			path = Scenes;
			sourceTree = "<group>";
		};
		B50550C52B5FC90E0040CA56 /* List */ = {
			isa = PBXGroup;
			children = (
				B50550C62B5FC92B0040CA56 /* CollectionViewCell */,
				B50550AC2B5E41290040CA56 /* WineListViewController.swift */,
				B50550CE2B5FDABC0040CA56 /* WineListViewModel.swift */,
			);
			path = List;
			sourceTree = "<group>";
		};
		B50550C62B5FC92B0040CA56 /* CollectionViewCell */ = {
			isa = PBXGroup;
			children = (
				B50550C72B5FC9910040CA56 /* WineItemCollectionViewCell.swift */,
			);
			path = CollectionViewCell;
			sourceTree = "<group>";
		};
		B50550D02B5FE04E0040CA56 /* Components */ = {
			isa = PBXGroup;
			children = (
				B56CED692B6AABEF00F2F6EC /* UIKitComponents */,
				B56CED6A2B6AABFC00F2F6EC /* SwiftUIComponents */,
			);
			path = Components;
			sourceTree = "<group>";
		};
		B50550D62B6013730040CA56 /* Constants */ = {
			isa = PBXGroup;
			children = (
				B5304D0D2B779F4F00932B45 /* OnboardingData.swift */,
				B5B05E9E2B67E58000EFDDA1 /* WineData.swift */,
				B51764832B6DB553000DF5E8 /* SpinTheBottleGameData.swift */,
				B50550D72B6013810040CA56 /* AppConstants.swift */,
			);
			path = Constants;
			sourceTree = "<group>";
		};
		B50550DC2B60397D0040CA56 /* Utils */ = {
			isa = PBXGroup;
			children = (
				B50550DD2B6039FC0040CA56 /* ImageLoader.swift */,
				B58E60552B62AF16000458BD /* UserPreferencesManager.swift */,
				B5304D132B77A4E400932B45 /* CornerRadiusStyle.swift */,
				B54F09952B7A5BA800E85445 /* NavigationBarManager.swift */,
				B5A2E4D42B8D2ECE00633464 /* AVCaptureSessionManager.swift */,
			);
			path = Utils;
			sourceTree = "<group>";
		};
		B51764802B6D8C6C000DF5E8 /* SpinTheBottle */ = {
			isa = PBXGroup;
			children = (
				B51764812B6D8CB9000DF5E8 /* SpinTheBottleViewController.swift */,
				B58EDED72B6EA1DF0063D46D /* SpinTheBottleViewModel.swift */,
			);
			path = SpinTheBottle;
			sourceTree = "<group>";
		};
		B53B28CE2B6FC30A006CC480 /* WineRandomizer */ = {
			isa = PBXGroup;
			children = (
				B53B28CF2B6FC350006CC480 /* WineRandomizerViewController.swift */,
				B53F4D0B2B720C390032AED5 /* WineRandomizerViewModel.swift */,
			);
			path = WineRandomizer;
			sourceTree = "<group>";
		};
		B54F09972B7A67BD00E85445 /* Audio */ = {
			isa = PBXGroup;
			children = (
				B58EDED52B6E34CB0063D46D /* popSound.mp3 */,
			);
			path = Audio;
			sourceTree = "<group>";
		};
		B54F09982B7A67D100E85445 /* Images */ = {
			isa = PBXGroup;
			children = (
				B50550B12B5E412B0040CA56 /* Assets.xcassets */,
			);
			path = Images;
			sourceTree = "<group>";
		};
		B56CED642B6AAAFB00F2F6EC /* MyWineLibrary */ = {
			isa = PBXGroup;
			children = (
				B56CED652B6AAB1E00F2F6EC /* MyWineLibraryView.swift */,
				B56CED672B6AAB4400F2F6EC /* MyWineLibraryViewModel.swift */,
			);
			path = MyWineLibrary;
			sourceTree = "<group>";
		};
		B56CED692B6AABEF00F2F6EC /* UIKitComponents */ = {
			isa = PBXGroup;
			children = (
				B5B17D522B713E9800734CB0 /* MenuButton.swift */,
				B5B05EA02B67E85500EFDDA1 /* IconButton.swift */,
				B58E606A2B63B441000458BD /* OrganolepticIconStackView.swift */,
				B58E60682B63B032000458BD /* IconView.swift */,
				B58E60642B638CE7000458BD /* InfographicIcon.swift */,
				B58E60662B638D7F000458BD /* IconLabelStackView.swift */,
				B5517D2B2B61775C004A4961 /* ActivityIndicator.swift */,
				B50550E12B6040C00040CA56 /* CustomLabel.swift */,
				B50550DF2B6040610040CA56 /* ShortInfoStackView.swift */,
				B50550D12B5FE0840040CA56 /* CustomSearchController.swift */,
			);
			path = UIKitComponents;
			sourceTree = "<group>";
		};
		B56CED6A2B6AABFC00F2F6EC /* SwiftUIComponents */ = {
			isa = PBXGroup;
			children = (
				B5304D1F2B77AC5C00932B45 /* OnboardingTabView.swift */,
				B5304D1B2B77A91400932B45 /* OnboardingPageView.swift */,
				B5304D232B77AFCC00932B45 /* TextButtonView.swift */,
				B5304D192B77A7CD00932B45 /* MoveButtonView.swift */,
				B5304D172B77A6E000932B45 /* ProgressIndicatorView.swift */,
				B5304D152B77A5F900932B45 /* RectangleView.swift */,
				B56CED712B6AB56700F2F6EC /* HorizontalScrollView.swift */,
				B56CED6D2B6AAE0400F2F6EC /* ItemCellView.swift */,
				B56CED6B2B6AAC3900F2F6EC /* ShelfTitleView.swift */,
				B531DB842B6B80BC00BDCDBA /* FloatingButtonView.swift */,
				B5A2E4DD2B8D31A200633464 /* ScanningLineView.swift */,
				B5304D252B7840C000932B45 /* TabBarControllerRepresentableView.swift */,
				B531DB882B6B9A9E00BDCDBA /* WineListViewControllerRepresentableView.swift */,
				B531DB8C2B6C292E00BDCDBA /* WineDetailsViewControllerRepresentableView.swift */,
				B5A2E4D92B8D2F9F00633464 /* BarcodeScannerViewRepresentableView.swift */,
			);
			path = SwiftUIComponents;
			sourceTree = "<group>";
		};
		B58E604E2B622DB4000458BD /* Extensions */ = {
			isa = PBXGroup;
			children = (
				B58E604F2B622DD2000458BD /* UIColor+Hex.swift */,
				B56CED622B6AA84E00F2F6EC /* Color+Hex.swift */,
				B5304D112B77A4A600932B45 /* View+CornerRadius.swift */,
			);
			path = Extensions;
			sourceTree = "<group>";
		};
		B58E60572B62E853000458BD /* Details */ = {
			isa = PBXGroup;
			children = (
				B58E60702B63C072000458BD /* WineDetailsViewController.swift */,
				B58E60742B645B91000458BD /* WineDetailsViewModel.swift */,
			);
			path = Details;
			sourceTree = "<group>";
		};
		B58EDED92B6ED5A70063D46D /* TabBarController */ = {
			isa = PBXGroup;
			children = (
				B58EDEDA2B6ED5BD0063D46D /* TabBarController.swift */,
			);
			path = TabBarController;
			sourceTree = "<group>";
		};
		B5A2E4D62B8D2F0500633464 /* BarcodeScanner */ = {
			isa = PBXGroup;
			children = (
				B5A2E4D72B8D2F1700633464 /* BarcodeScannerUIView.swift */,
				B5A2E4DB2B8D309100633464 /* BarcodeScannerView.swift */,
			);
			path = BarcodeScanner;
			sourceTree = "<group>";
		};
		B5B05E992B67E34E00EFDDA1 /* CalorieCounter */ = {
			isa = PBXGroup;
			children = (
				B5B05E9A2B67E36E00EFDDA1 /* CalorieCounterViewController.swift */,
				B5B05E9C2B67E38100EFDDA1 /* CalorieCounterViewModel.swift */,
			);
			path = CalorieCounter;
			sourceTree = "<group>";
		};
		B5BCAFFC2B779388002A1FB8 /* Onboarding */ = {
			isa = PBXGroup;
			children = (
				B5304D212B77ACD400932B45 /* OnboardingView.swift */,
				B5304D0F2B77A11100932B45 /* OnboardingViewModel.swift */,
			);
			path = Onboarding;
			sourceTree = "<group>";
		};
/* End PBXGroup section */

/* Begin PBXNativeTarget section */
		B50550A42B5E41290040CA56 /* FinalProject_WineAppetit */ = {
			isa = PBXNativeTarget;
			buildConfigurationList = B50550B92B5E412B0040CA56 /* Build configuration list for PBXNativeTarget "FinalProject_WineAppetit" */;
			buildPhases = (
				B50550A12B5E41290040CA56 /* Sources */,
				B50550A22B5E41290040CA56 /* Frameworks */,
				B50550A32B5E41290040CA56 /* Resources */,
			);
			buildRules = (
			);
			dependencies = (
			);
			name = FinalProject_WineAppetit;
			packageProductDependencies = (
				B50550CA2B5FCA160040CA56 /* GenericNetworkManager */,
			);
			productName = FinalProject_WineAppetit;
			productReference = B50550A52B5E41290040CA56 /* FinalProject_WineAppetit.app */;
			productType = "com.apple.product-type.application";
		};
/* End PBXNativeTarget section */

/* Begin PBXProject section */
		B505509D2B5E41290040CA56 /* Project object */ = {
			isa = PBXProject;
			attributes = {
				BuildIndependentTargetsInParallel = 1;
				LastSwiftUpdateCheck = 1500;
				LastUpgradeCheck = 1500;
				TargetAttributes = {
					B50550A42B5E41290040CA56 = {
						CreatedOnToolsVersion = 15.0.1;
					};
				};
			};
			buildConfigurationList = B50550A02B5E41290040CA56 /* Build configuration list for PBXProject "FinalProject_WineAppetit" */;
			compatibilityVersion = "Xcode 14.0";
			developmentRegion = en;
			hasScannedForEncodings = 0;
			knownRegions = (
				en,
				Base,
			);
			mainGroup = B505509C2B5E41290040CA56;
			packageReferences = (
				B50550C92B5FCA160040CA56 /* XCRemoteSwiftPackageReference "GenericNetworkManager" */,
			);
			productRefGroup = B50550A62B5E41290040CA56 /* Products */;
			projectDirPath = "";
			projectRoot = "";
			targets = (
				B50550A42B5E41290040CA56 /* FinalProject_WineAppetit */,
			);
		};
/* End PBXProject section */

/* Begin PBXResourcesBuildPhase section */
		B50550A32B5E41290040CA56 /* Resources */ = {
			isa = PBXResourcesBuildPhase;
			buildActionMask = 2147483647;
			files = (
				B50550B52B5E412B0040CA56 /* LaunchScreen.storyboard in Resources */,
				B50550B22B5E412B0040CA56 /* Assets.xcassets in Resources */,
				B58EDED62B6E34CC0063D46D /* popSound.mp3 in Resources */,
			);
			runOnlyForDeploymentPostprocessing = 0;
		};
/* End PBXResourcesBuildPhase section */

/* Begin PBXSourcesBuildPhase section */
		B50550A12B5E41290040CA56 /* Sources */ = {
			isa = PBXSourcesBuildPhase;
			buildActionMask = 2147483647;
			files = (
				B5304D182B77A6E000932B45 /* ProgressIndicatorView.swift in Sources */,
				B50550C82B5FC9910040CA56 /* WineItemCollectionViewCell.swift in Sources */,
				B50550CD2B5FCC150040CA56 /* Wine.swift in Sources */,
				B5304D262B7840C000932B45 /* TabBarControllerRepresentableView.swift in Sources */,
				B53B28D02B6FC350006CC480 /* WineRandomizerViewController.swift in Sources */,
				B58E60652B638CE7000458BD /* InfographicIcon.swift in Sources */,
				B5304D142B77A4E400932B45 /* CornerRadiusStyle.swift in Sources */,
				B5B05EA12B67E85500EFDDA1 /* IconButton.swift in Sources */,
				B50550E22B6040C00040CA56 /* CustomLabel.swift in Sources */,
				B58E60562B62AF16000458BD /* UserPreferencesManager.swift in Sources */,
				B58E60672B638D7F000458BD /* IconLabelStackView.swift in Sources */,
				B50550AD2B5E41290040CA56 /* WineListViewController.swift in Sources */,
				B5517D2C2B61775C004A4961 /* ActivityIndicator.swift in Sources */,
				B50550D82B6013810040CA56 /* AppConstants.swift in Sources */,
				B50550D22B5FE0840040CA56 /* CustomSearchController.swift in Sources */,
				B5B17D532B713E9800734CB0 /* MenuButton.swift in Sources */,
				B58E60752B645B91000458BD /* WineDetailsViewModel.swift in Sources */,
				B50550DE2B6039FC0040CA56 /* ImageLoader.swift in Sources */,
				B5A2E4DA2B8D2F9F00633464 /* BarcodeScannerViewRepresentableView.swift in Sources */,
				B5304D1A2B77A7CD00932B45 /* MoveButtonView.swift in Sources */,
				B5304D202B77AC5C00932B45 /* OnboardingTabView.swift in Sources */,
				B531DB892B6B9A9E00BDCDBA /* WineListViewControllerRepresentableView.swift in Sources */,
				B56CED632B6AA84E00F2F6EC /* Color+Hex.swift in Sources */,
				B5304D1C2B77A91400932B45 /* OnboardingPageView.swift in Sources */,
				B531DB852B6B80BC00BDCDBA /* FloatingButtonView.swift in Sources */,
				B50550E02B6040610040CA56 /* ShortInfoStackView.swift in Sources */,
				B5304D102B77A11100932B45 /* OnboardingViewModel.swift in Sources */,
				B5304D242B77AFCC00932B45 /* TextButtonView.swift in Sources */,
				B53F4D0C2B720C390032AED5 /* WineRandomizerViewModel.swift in Sources */,
				B58E60692B63B032000458BD /* IconView.swift in Sources */,
				B58E60502B622DD2000458BD /* UIColor+Hex.swift in Sources */,
				B5304D162B77A5F900932B45 /* RectangleView.swift in Sources */,
				B56CED722B6AB56700F2F6EC /* HorizontalScrollView.swift in Sources */,
				B5A2E4DE2B8D31A200633464 /* ScanningLineView.swift in Sources */,
				B5304D122B77A4A600932B45 /* View+CornerRadius.swift in Sources */,
				B50550A92B5E41290040CA56 /* AppDelegate.swift in Sources */,
				B5A2E4DC2B8D309100633464 /* BarcodeScannerView.swift in Sources */,
				B5304D0C2B779EC200932B45 /* Onboarding.swift in Sources */,
				B56CED6C2B6AAC3900F2F6EC /* ShelfTitleView.swift in Sources */,
				B54F09962B7A5BA800E85445 /* NavigationBarManager.swift in Sources */,
				B5A2E4D82B8D2F1700633464 /* BarcodeScannerUIView.swift in Sources */,
				B50550AB2B5E41290040CA56 /* SceneDelegate.swift in Sources */,
				B56CED662B6AAB1E00F2F6EC /* MyWineLibraryView.swift in Sources */,
				B56CED6E2B6AAE0400F2F6EC /* ItemCellView.swift in Sources */,
				B5304D222B77ACD400932B45 /* OnboardingView.swift in Sources */,
				B5304D0E2B779F4F00932B45 /* OnboardingData.swift in Sources */,
				B5A2E4D52B8D2ECE00633464 /* AVCaptureSessionManager.swift in Sources */,
				B51764822B6D8CB9000DF5E8 /* SpinTheBottleViewController.swift in Sources */,
				B5B05E9B2B67E36E00EFDDA1 /* CalorieCounterViewController.swift in Sources */,
				B56CED682B6AAB4400F2F6EC /* MyWineLibraryViewModel.swift in Sources */,
				B50550CF2B5FDABC0040CA56 /* WineListViewModel.swift in Sources */,
				B58EDEDB2B6ED5BD0063D46D /* TabBarController.swift in Sources */,
				B5816D4A2B6518C000550FE9 /* WineDetails.swift in Sources */,
				B51764842B6DB553000DF5E8 /* SpinTheBottleGameData.swift in Sources */,
				B58E60712B63C072000458BD /* WineDetailsViewController.swift in Sources */,
				B58EDED82B6EA1DF0063D46D /* SpinTheBottleViewModel.swift in Sources */,
				B531DB8D2B6C292E00BDCDBA /* WineDetailsViewControllerRepresentableView.swift in Sources */,
				B58E606B2B63B441000458BD /* OrganolepticIconStackView.swift in Sources */,
				B5B05E9F2B67E58000EFDDA1 /* WineData.swift in Sources */,
				B5B05E9D2B67E38100EFDDA1 /* CalorieCounterViewModel.swift in Sources */,
			);
			runOnlyForDeploymentPostprocessing = 0;
		};
/* End PBXSourcesBuildPhase section */

/* Begin PBXVariantGroup section */
		B50550B32B5E412B0040CA56 /* LaunchScreen.storyboard */ = {
			isa = PBXVariantGroup;
			children = (
				B50550B42B5E412B0040CA56 /* Base */,
			);
			name = LaunchScreen.storyboard;
			sourceTree = "<group>";
		};
/* End PBXVariantGroup section */

/* Begin XCBuildConfiguration section */
		B50550B72B5E412B0040CA56 /* Debug */ = {
			isa = XCBuildConfiguration;
			buildSettings = {
				ALWAYS_SEARCH_USER_PATHS = NO;
				ASSETCATALOG_COMPILER_GENERATE_SWIFT_ASSET_SYMBOL_EXTENSIONS = YES;
				CLANG_ANALYZER_NONNULL = YES;
				CLANG_ANALYZER_NUMBER_OBJECT_CONVERSION = YES_AGGRESSIVE;
				CLANG_CXX_LANGUAGE_STANDARD = "gnu++20";
				CLANG_ENABLE_MODULES = YES;
				CLANG_ENABLE_OBJC_ARC = YES;
				CLANG_ENABLE_OBJC_WEAK = YES;
				CLANG_WARN_BLOCK_CAPTURE_AUTORELEASING = YES;
				CLANG_WARN_BOOL_CONVERSION = YES;
				CLANG_WARN_COMMA = YES;
				CLANG_WARN_CONSTANT_CONVERSION = YES;
				CLANG_WARN_DEPRECATED_OBJC_IMPLEMENTATIONS = YES;
				CLANG_WARN_DIRECT_OBJC_ISA_USAGE = YES_ERROR;
				CLANG_WARN_DOCUMENTATION_COMMENTS = YES;
				CLANG_WARN_EMPTY_BODY = YES;
				CLANG_WARN_ENUM_CONVERSION = YES;
				CLANG_WARN_INFINITE_RECURSION = YES;
				CLANG_WARN_INT_CONVERSION = YES;
				CLANG_WARN_NON_LITERAL_NULL_CONVERSION = YES;
				CLANG_WARN_OBJC_IMPLICIT_RETAIN_SELF = YES;
				CLANG_WARN_OBJC_LITERAL_CONVERSION = YES;
				CLANG_WARN_OBJC_ROOT_CLASS = YES_ERROR;
				CLANG_WARN_QUOTED_INCLUDE_IN_FRAMEWORK_HEADER = YES;
				CLANG_WARN_RANGE_LOOP_ANALYSIS = YES;
				CLANG_WARN_STRICT_PROTOTYPES = YES;
				CLANG_WARN_SUSPICIOUS_MOVE = YES;
				CLANG_WARN_UNGUARDED_AVAILABILITY = YES_AGGRESSIVE;
				CLANG_WARN_UNREACHABLE_CODE = YES;
				CLANG_WARN__DUPLICATE_METHOD_MATCH = YES;
				COPY_PHASE_STRIP = NO;
				DEBUG_INFORMATION_FORMAT = dwarf;
				ENABLE_STRICT_OBJC_MSGSEND = YES;
				ENABLE_TESTABILITY = YES;
				ENABLE_USER_SCRIPT_SANDBOXING = YES;
				GCC_C_LANGUAGE_STANDARD = gnu17;
				GCC_DYNAMIC_NO_PIC = NO;
				GCC_NO_COMMON_BLOCKS = YES;
				GCC_OPTIMIZATION_LEVEL = 0;
				GCC_PREPROCESSOR_DEFINITIONS = (
					"DEBUG=1",
					"$(inherited)",
				);
				GCC_WARN_64_TO_32_BIT_CONVERSION = YES;
				GCC_WARN_ABOUT_RETURN_TYPE = YES_ERROR;
				GCC_WARN_UNDECLARED_SELECTOR = YES;
				GCC_WARN_UNINITIALIZED_AUTOS = YES_AGGRESSIVE;
				GCC_WARN_UNUSED_FUNCTION = YES;
				GCC_WARN_UNUSED_VARIABLE = YES;
				IPHONEOS_DEPLOYMENT_TARGET = 15.0;
				LOCALIZATION_PREFERS_STRING_CATALOGS = YES;
				MTL_ENABLE_DEBUG_INFO = INCLUDE_SOURCE;
				MTL_FAST_MATH = YES;
				ONLY_ACTIVE_ARCH = YES;
				SDKROOT = iphoneos;
				SWIFT_ACTIVE_COMPILATION_CONDITIONS = "DEBUG $(inherited)";
				SWIFT_OPTIMIZATION_LEVEL = "-Onone";
			};
			name = Debug;
		};
		B50550B82B5E412B0040CA56 /* Release */ = {
			isa = XCBuildConfiguration;
			buildSettings = {
				ALWAYS_SEARCH_USER_PATHS = NO;
				ASSETCATALOG_COMPILER_GENERATE_SWIFT_ASSET_SYMBOL_EXTENSIONS = YES;
				CLANG_ANALYZER_NONNULL = YES;
				CLANG_ANALYZER_NUMBER_OBJECT_CONVERSION = YES_AGGRESSIVE;
				CLANG_CXX_LANGUAGE_STANDARD = "gnu++20";
				CLANG_ENABLE_MODULES = YES;
				CLANG_ENABLE_OBJC_ARC = YES;
				CLANG_ENABLE_OBJC_WEAK = YES;
				CLANG_WARN_BLOCK_CAPTURE_AUTORELEASING = YES;
				CLANG_WARN_BOOL_CONVERSION = YES;
				CLANG_WARN_COMMA = YES;
				CLANG_WARN_CONSTANT_CONVERSION = YES;
				CLANG_WARN_DEPRECATED_OBJC_IMPLEMENTATIONS = YES;
				CLANG_WARN_DIRECT_OBJC_ISA_USAGE = YES_ERROR;
				CLANG_WARN_DOCUMENTATION_COMMENTS = YES;
				CLANG_WARN_EMPTY_BODY = YES;
				CLANG_WARN_ENUM_CONVERSION = YES;
				CLANG_WARN_INFINITE_RECURSION = YES;
				CLANG_WARN_INT_CONVERSION = YES;
				CLANG_WARN_NON_LITERAL_NULL_CONVERSION = YES;
				CLANG_WARN_OBJC_IMPLICIT_RETAIN_SELF = YES;
				CLANG_WARN_OBJC_LITERAL_CONVERSION = YES;
				CLANG_WARN_OBJC_ROOT_CLASS = YES_ERROR;
				CLANG_WARN_QUOTED_INCLUDE_IN_FRAMEWORK_HEADER = YES;
				CLANG_WARN_RANGE_LOOP_ANALYSIS = YES;
				CLANG_WARN_STRICT_PROTOTYPES = YES;
				CLANG_WARN_SUSPICIOUS_MOVE = YES;
				CLANG_WARN_UNGUARDED_AVAILABILITY = YES_AGGRESSIVE;
				CLANG_WARN_UNREACHABLE_CODE = YES;
				CLANG_WARN__DUPLICATE_METHOD_MATCH = YES;
				COPY_PHASE_STRIP = NO;
				DEBUG_INFORMATION_FORMAT = "dwarf-with-dsym";
				ENABLE_NS_ASSERTIONS = NO;
				ENABLE_STRICT_OBJC_MSGSEND = YES;
				ENABLE_USER_SCRIPT_SANDBOXING = YES;
				GCC_C_LANGUAGE_STANDARD = gnu17;
				GCC_NO_COMMON_BLOCKS = YES;
				GCC_WARN_64_TO_32_BIT_CONVERSION = YES;
				GCC_WARN_ABOUT_RETURN_TYPE = YES_ERROR;
				GCC_WARN_UNDECLARED_SELECTOR = YES;
				GCC_WARN_UNINITIALIZED_AUTOS = YES_AGGRESSIVE;
				GCC_WARN_UNUSED_FUNCTION = YES;
				GCC_WARN_UNUSED_VARIABLE = YES;
				IPHONEOS_DEPLOYMENT_TARGET = 15.0;
				LOCALIZATION_PREFERS_STRING_CATALOGS = YES;
				MTL_ENABLE_DEBUG_INFO = NO;
				MTL_FAST_MATH = YES;
				SDKROOT = iphoneos;
				SWIFT_COMPILATION_MODE = wholemodule;
				VALIDATE_PRODUCT = YES;
			};
			name = Release;
		};
		B50550BA2B5E412B0040CA56 /* Debug */ = {
			isa = XCBuildConfiguration;
			buildSettings = {
				ASSETCATALOG_COMPILER_APPICON_NAME = AppIcon;
				ASSETCATALOG_COMPILER_GLOBAL_ACCENT_COLOR_NAME = AccentColor;
				CODE_SIGN_STYLE = Automatic;
				CURRENT_PROJECT_VERSION = 1;
				DEVELOPMENT_TEAM = XSFWJACHHY;
				GENERATE_INFOPLIST_FILE = YES;
				INFOPLIST_FILE = FinalProject_WineAppetit/Info.plist;
				INFOPLIST_KEY_UIApplicationSupportsIndirectInputEvents = YES;
				INFOPLIST_KEY_UILaunchStoryboardName = LaunchScreen;
				INFOPLIST_KEY_UIRequiresFullScreen = YES;
				INFOPLIST_KEY_UISupportedInterfaceOrientations = UIInterfaceOrientationPortrait;
				IPHONEOS_DEPLOYMENT_TARGET = 15.0;
				LD_RUNPATH_SEARCH_PATHS = (
					"$(inherited)",
					"@executable_path/Frameworks",
				);
				MARKETING_VERSION = 1.0;
				PRODUCT_BUNDLE_IDENTIFIER = "com.ekakelenjeridze.FinalProject-WineAppetit";
				PRODUCT_NAME = "$(TARGET_NAME)";
				SWIFT_EMIT_LOC_STRINGS = YES;
				SWIFT_VERSION = 5.0;
				TARGETED_DEVICE_FAMILY = "1,2";
			};
			name = Debug;
		};
		B50550BB2B5E412B0040CA56 /* Release */ = {
			isa = XCBuildConfiguration;
			buildSettings = {
				ASSETCATALOG_COMPILER_APPICON_NAME = AppIcon;
				ASSETCATALOG_COMPILER_GLOBAL_ACCENT_COLOR_NAME = AccentColor;
				CODE_SIGN_STYLE = Automatic;
				CURRENT_PROJECT_VERSION = 1;
				DEVELOPMENT_TEAM = XSFWJACHHY;
				GENERATE_INFOPLIST_FILE = YES;
				INFOPLIST_FILE = FinalProject_WineAppetit/Info.plist;
				INFOPLIST_KEY_UIApplicationSupportsIndirectInputEvents = YES;
				INFOPLIST_KEY_UILaunchStoryboardName = LaunchScreen;
				INFOPLIST_KEY_UIRequiresFullScreen = YES;
				INFOPLIST_KEY_UISupportedInterfaceOrientations = UIInterfaceOrientationPortrait;
				IPHONEOS_DEPLOYMENT_TARGET = 15.0;
				LD_RUNPATH_SEARCH_PATHS = (
					"$(inherited)",
					"@executable_path/Frameworks",
				);
				MARKETING_VERSION = 1.0;
				PRODUCT_BUNDLE_IDENTIFIER = "com.ekakelenjeridze.FinalProject-WineAppetit";
				PRODUCT_NAME = "$(TARGET_NAME)";
				SWIFT_EMIT_LOC_STRINGS = YES;
				SWIFT_VERSION = 5.0;
				TARGETED_DEVICE_FAMILY = "1,2";
			};
			name = Release;
		};
/* End XCBuildConfiguration section */

/* Begin XCConfigurationList section */
		B50550A02B5E41290040CA56 /* Build configuration list for PBXProject "FinalProject_WineAppetit" */ = {
			isa = XCConfigurationList;
			buildConfigurations = (
				B50550B72B5E412B0040CA56 /* Debug */,
				B50550B82B5E412B0040CA56 /* Release */,
			);
			defaultConfigurationIsVisible = 0;
			defaultConfigurationName = Release;
		};
		B50550B92B5E412B0040CA56 /* Build configuration list for PBXNativeTarget "FinalProject_WineAppetit" */ = {
			isa = XCConfigurationList;
			buildConfigurations = (
				B50550BA2B5E412B0040CA56 /* Debug */,
				B50550BB2B5E412B0040CA56 /* Release */,
			);
			defaultConfigurationIsVisible = 0;
			defaultConfigurationName = Release;
		};
/* End XCConfigurationList section */

/* Begin XCRemoteSwiftPackageReference section */
		B50550C92B5FCA160040CA56 /* XCRemoteSwiftPackageReference "GenericNetworkManager" */ = {
			isa = XCRemoteSwiftPackageReference;
			repositoryURL = "https://github.com/ekakele/GenericNetworkManager";
			requirement = {
				kind = exactVersion;
				version = 0.0.5;
			};
		};
/* End XCRemoteSwiftPackageReference section */

/* Begin XCSwiftPackageProductDependency section */
		B50550CA2B5FCA160040CA56 /* GenericNetworkManager */ = {
			isa = XCSwiftPackageProductDependency;
			package = B50550C92B5FCA160040CA56 /* XCRemoteSwiftPackageReference "GenericNetworkManager" */;
			productName = GenericNetworkManager;
		};
/* End XCSwiftPackageProductDependency section */
	};
	rootObject = B505509D2B5E41290040CA56 /* Project object */;
}
